<?xml version="1.0" encoding="utf-8"?>
<Project ToolsVersion="17.0" xmlns="http://schemas.microsoft.com/developer/msbuild/2003">
  <ItemGroup>
    <ClCompile Include="C:\Users\Halit\Desktop\Projects\SerialPortApplication\SerialPortApp\Common\src\SerialConfiguration\WindowsSerialConnection.cpp">
      <Filter>Source Files</Filter>
    </ClCompile>
    <ClCompile Include="C:\Users\Halit\Desktop\Projects\SerialPortApplication\SerialPortApp\Common\src\Commands\Data\DataA.cpp">
      <Filter>Source Files</Filter>
    </ClCompile>
    <ClCompile Include="C:\Users\Halit\Desktop\Projects\SerialPortApplication\SerialPortApp\Common\src\Commands\ByteStream.cpp">
      <Filter>Source Files</Filter>
    </ClCompile>
    <ClCompile Include="C:\Users\Halit\Desktop\Projects\SerialPortApplication\SerialPortApp\Common\src\Commands\CommandHeader.cpp">
      <Filter>Source Files</Filter>
    </ClCompile>
    <ClCompile Include="C:\Users\Halit\Desktop\Projects\SerialPortApplication\SerialPortApp\Common\src\Commands\DataElements.cpp">
      <Filter>Source Files</Filter>
    </ClCompile>
    <ClCompile Include="C:\Users\Halit\Desktop\Projects\SerialPortApplication\SerialPortApp\Common\src\Commands\FirstCommand.cpp">
      <Filter>Source Files</Filter>
    </ClCompile>
    <ClCompile Include="C:\Users\Halit\Desktop\Projects\SerialPortApplication\SerialPortApp\Common\src\Commands\InvalidCommand.cpp">
      <Filter>Source Files</Filter>
    </ClCompile>
    <ClCompile Include="C:\Users\Halit\Desktop\Projects\SerialPortApplication\SerialPortApp\Common\src\Commands\InvalidRequestCommand.cpp">
      <Filter>Source Files</Filter>
    </ClCompile>
    <ClCompile Include="C:\Users\Halit\Desktop\Projects\SerialPortApplication\SerialPortApp\Common\src\Commands\SecondCommand.cpp">
      <Filter>Source Files</Filter>
    </ClCompile>
    <ClCompile Include="C:\Users\Halit\Desktop\Projects\SerialPortApplication\SerialPortApp\Common\src\SerialConfiguration\SerialConfigReader.cpp">
      <Filter>Source Files</Filter>
    </ClCompile>
    <ClCompile Include="C:\Users\Halit\Desktop\Projects\SerialPortApplication\SerialPortApp\Common\src\SerialConfiguration\SerialConfigReaderFactory.cpp">
      <Filter>Source Files</Filter>
    </ClCompile>
    <ClCompile Include="C:\Users\Halit\Desktop\Projects\SerialPortApplication\SerialPortApp\Common\src\SerialConfiguration\SerialConnectionFactory.cpp">
      <Filter>Source Files</Filter>
    </ClCompile>
    <ClCompile Include="C:\Users\Halit\Desktop\Projects\SerialPortApplication\SerialPortApp\Common\src\CRCGenerator.cpp">
      <Filter>Source Files</Filter>
    </ClCompile>
    <ClCompile Include="C:\Users\Halit\Desktop\Projects\SerialPortApplication\SerialPortApp\Common\src\EndianController.cpp">
      <Filter>Source Files</Filter>
    </ClCompile>
  </ItemGroup>
  <ItemGroup>
    <ClInclude Include="C:\Users\Halit\Desktop\Projects\SerialPortApplication\SerialPortApp\Common\src\SerialConfiguration\WindowsSerialConnection.h">
      <Filter>Header Files</Filter>
    </ClInclude>
    <ClInclude Include="C:\Users\Halit\Desktop\Projects\SerialPortApplication\SerialPortApp\Common\include\Commands\Data\DataA.h">
      <Filter>Header Files</Filter>
    </ClInclude>
    <ClInclude Include="C:\Users\Halit\Desktop\Projects\SerialPortApplication\SerialPortApp\Common\include\Commands\ByteStream.h">
      <Filter>Header Files</Filter>
    </ClInclude>
    <ClInclude Include="C:\Users\Halit\Desktop\Projects\SerialPortApplication\SerialPortApp\Common\include\Commands\CommandHeader.h">
      <Filter>Header Files</Filter>
    </ClInclude>
    <ClInclude Include="C:\Users\Halit\Desktop\Projects\SerialPortApplication\SerialPortApp\Common\include\Commands\CommandReceiverFacade.h">
      <Filter>Header Files</Filter>
    </ClInclude>
    <ClInclude Include="C:\Users\Halit\Desktop\Projects\SerialPortApplication\SerialPortApp\Common\include\Commands\DataElements.h">
      <Filter>Header Files</Filter>
    </ClInclude>
    <ClInclude Include="C:\Users\Halit\Desktop\Projects\SerialPortApplication\SerialPortApp\Common\include\Commands\FirstCommand.h">
      <Filter>Header Files</Filter>
    </ClInclude>
    <ClInclude Include="C:\Users\Halit\Desktop\Projects\SerialPortApplication\SerialPortApp\Common\include\Commands\ICommand.h">
      <Filter>Header Files</Filter>
    </ClInclude>
    <ClInclude Include="C:\Users\Halit\Desktop\Projects\SerialPortApplication\SerialPortApp\Common\include\Commands\ICommandProcessor.h">
      <Filter>Header Files</Filter>
    </ClInclude>
    <ClInclude Include="C:\Users\Halit\Desktop\Projects\SerialPortApplication\SerialPortApp\Common\include\Commands\InvalidCommand.h">
      <Filter>Header Files</Filter>
    </ClInclude>
    <ClInclude Include="C:\Users\Halit\Desktop\Projects\SerialPortApplication\SerialPortApp\Common\include\Commands\InvalidRequestCommand.h">
      <Filter>Header Files</Filter>
    </ClInclude>
    <ClInclude Include="C:\Users\Halit\Desktop\Projects\SerialPortApplication\SerialPortApp\Common\include\Commands\SecondCommand.h">
      <Filter>Header Files</Filter>
    </ClInclude>
    <ClInclude Include="C:\Users\Halit\Desktop\Projects\SerialPortApplication\SerialPortApp\Common\include\SerialConfiguration\ISerialConfigReader.h">
      <Filter>Header Files</Filter>
    </ClInclude>
    <ClInclude Include="C:\Users\Halit\Desktop\Projects\SerialPortApplication\SerialPortApp\Common\include\SerialConfiguration\ISerialConnection.h">
      <Filter>Header Files</Filter>
    </ClInclude>
    <ClInclude Include="C:\Users\Halit\Desktop\Projects\SerialPortApplication\SerialPortApp\Common\include\SerialConfiguration\SerialConfigReader.h">
      <Filter>Header Files</Filter>
    </ClInclude>
    <ClInclude Include="C:\Users\Halit\Desktop\Projects\SerialPortApplication\SerialPortApp\Common\include\SerialConfiguration\SerialConfigReaderFactory.h">
      <Filter>Header Files</Filter>
    </ClInclude>
    <ClInclude Include="C:\Users\Halit\Desktop\Projects\SerialPortApplication\SerialPortApp\Common\include\SerialConfiguration\SerialConfiguration.h">
      <Filter>Header Files</Filter>
    </ClInclude>
    <ClInclude Include="C:\Users\Halit\Desktop\Projects\SerialPortApplication\SerialPortApp\Common\include\SerialConfiguration\SerialConnectionFactory.h">
      <Filter>Header Files</Filter>
    </ClInclude>
    <ClInclude Include="C:\Users\Halit\Desktop\Projects\SerialPortApplication\SerialPortApp\Common\include\CRCGenerator.h">
      <Filter>Header Files</Filter>
    </ClInclude>
    <ClInclude Include="C:\Users\Halit\Desktop\Projects\SerialPortApplication\SerialPortApp\Common\include\EndianController.h">
      <Filter>Header Files</Filter>
    </ClInclude>
    <ClInclude Include="C:\Users\Halit\Desktop\Projects\SerialPortApplication\SerialPortApp\Common\include\IManager.h">
      <Filter>Header Files</Filter>
    </ClInclude>
  </ItemGroup>
  <ItemGroup>
    <CustomBuild Include="C:\Users\Halit\Desktop\Projects\SerialPortApplication\SerialPortApp\Common\CMakeLists.txt" />
  </ItemGroup>
  <ItemGroup>
    <Filter Include="Header Files">
      <UniqueIdentifier>{E0845C6A-C30D-39C3-92D9-5E931B5A5668}</UniqueIdentifier>
    </Filter>
    <Filter Include="Source Files">
      <UniqueIdentifier>{D6F9E2EB-A70F-3E74-8BEB-12CC3B69C13A}</UniqueIdentifier>
    </Filter>
  </ItemGroup>
</Project>
