<?xml version="1.0" encoding="utf-8"?>
<Project ToolsVersion="17.0" xmlns="http://schemas.microsoft.com/developer/msbuild/2003">
  <ItemGroup>
    <ClCompile Include="C:\Users\Halit\Desktop\Projects\SerialPortApplication\SerialPortApp\Client\src\ClientComponent\ClientComponent.cpp">
      <Filter>Source Files</Filter>
    </ClCompile>
    <ClCompile Include="C:\Users\Halit\Desktop\Projects\SerialPortApplication\SerialPortApp\Client\src\ClientManager\ClientManager.cpp">
      <Filter>Source Files</Filter>
    </ClCompile>
    <ClCompile Include="C:\Users\Halit\Desktop\Projects\SerialPortApplication\SerialPortApp\Client\src\ClientManager\ClientProcessorFacade.cpp">
      <Filter>Source Files</Filter>
    </ClCompile>
    <ClCompile Include="C:\Users\Halit\Desktop\Projects\SerialPortApplication\SerialPortApp\Client\src\ClientManager\ClientUtils\ClientUtils.cpp">
      <Filter>Source Files</Filter>
    </ClCompile>
    <ClCompile Include="C:\Users\Halit\Desktop\Projects\SerialPortApplication\SerialPortApp\Client\src\ClientManager\Processors\FirstCommandProcessor.cpp">
      <Filter>Source Files</Filter>
    </ClCompile>
    <ClCompile Include="C:\Users\Halit\Desktop\Projects\SerialPortApplication\SerialPortApp\Client\src\ClientManager\Processors\InvalidCommandProcessor.cpp">
      <Filter>Source Files</Filter>
    </ClCompile>
    <ClCompile Include="C:\Users\Halit\Desktop\Projects\SerialPortApplication\SerialPortApp\Client\src\Commands\FirstCommand.cpp">
      <Filter>Source Files</Filter>
    </ClCompile>
    <ClCompile Include="C:\Users\Halit\Desktop\Projects\SerialPortApplication\SerialPortApp\Client\src\Commands\InvalidCommand.cpp">
      <Filter>Source Files</Filter>
    </ClCompile>
    <ClCompile Include="C:\Users\Halit\Desktop\Projects\SerialPortApplication\SerialPortApp\Client\src\Commands\InvalidRequestCommand.cpp">
      <Filter>Source Files</Filter>
    </ClCompile>
    <ClCompile Include="C:\Users\Halit\Desktop\Projects\SerialPortApplication\SerialPortApp\Client\src\Commands\SecondCommand.cpp">
      <Filter>Source Files</Filter>
    </ClCompile>
    <ClCompile Include="C:\Users\Halit\Desktop\Projects\SerialPortApplication\SerialPortApp\Client\src\main.cpp">
      <Filter>Source Files</Filter>
    </ClCompile>
  </ItemGroup>
  <ItemGroup>
    <ClInclude Include="C:\Users\Halit\Desktop\Projects\SerialPortApplication\SerialPortApp\Client\src\ClientComponent\ClientComponent.h">
      <Filter>Header Files</Filter>
    </ClInclude>
    <ClInclude Include="C:\Users\Halit\Desktop\Projects\SerialPortApplication\SerialPortApp\Client\src\ClientManager\ClientManager.h">
      <Filter>Header Files</Filter>
    </ClInclude>
    <ClInclude Include="C:\Users\Halit\Desktop\Projects\SerialPortApplication\SerialPortApp\Client\src\ClientManager\ClientProcessorFacade.h">
      <Filter>Header Files</Filter>
    </ClInclude>
    <ClInclude Include="C:\Users\Halit\Desktop\Projects\SerialPortApplication\SerialPortApp\Client\src\ClientManager\ClientUtils\ClientUtils.h">
      <Filter>Header Files</Filter>
    </ClInclude>
    <ClInclude Include="C:\Users\Halit\Desktop\Projects\SerialPortApplication\SerialPortApp\Client\src\ClientManager\Processors\FirstCommandProcessor.h">
      <Filter>Header Files</Filter>
    </ClInclude>
    <ClInclude Include="C:\Users\Halit\Desktop\Projects\SerialPortApplication\SerialPortApp\Client\src\ClientManager\Processors\InvalidCommandProcessor.h">
      <Filter>Header Files</Filter>
    </ClInclude>
    <ClInclude Include="C:\Users\Halit\Desktop\Projects\SerialPortApplication\SerialPortApp\Client\src\Commands\FirstCommand.h">
      <Filter>Header Files</Filter>
    </ClInclude>
    <ClInclude Include="C:\Users\Halit\Desktop\Projects\SerialPortApplication\SerialPortApp\Client\src\Commands\InvalidCommand.h">
      <Filter>Header Files</Filter>
    </ClInclude>
    <ClInclude Include="C:\Users\Halit\Desktop\Projects\SerialPortApplication\SerialPortApp\Client\src\Commands\InvalidRequestCommand.h">
      <Filter>Header Files</Filter>
    </ClInclude>
    <ClInclude Include="C:\Users\Halit\Desktop\Projects\SerialPortApplication\SerialPortApp\Client\src\Commands\SecondCommand.h">
      <Filter>Header Files</Filter>
    </ClInclude>
  </ItemGroup>
  <ItemGroup>
    <CustomBuild Include="C:\Users\Halit\Desktop\Projects\SerialPortApplication\SerialPortApp\Client\CMakeLists.txt" />
  </ItemGroup>
  <ItemGroup>
    <Filter Include="Header Files">
      <UniqueIdentifier>{E0845C6A-C30D-39C3-92D9-5E931B5A5668}</UniqueIdentifier>
    </Filter>
    <Filter Include="Source Files">
      <UniqueIdentifier>{D6F9E2EB-A70F-3E74-8BEB-12CC3B69C13A}</UniqueIdentifier>
    </Filter>
  </ItemGroup>
</Project>
