
Microsoft Visual Studio Solution File, Format Version 12.00
# Visual Studio Version 17
Project("{8BC9CEB8-8B4A-11D0-8D11-00A0C91BC942}") = "ALL_BUILD", "ALL_BUILD.vcxproj", "{B4C50F20-82B5-3C95-8EFE-84D99F23C667}"
	ProjectSection(ProjectDependencies) = postProject
		{C718A74E-4310-33A5-898C-7853633EADDE} = {C718A74E-4310-33A5-898C-7853633EADDE}
		{1A98A245-7495-3747-A25A-F953023E8201} = {1A98A245-7495-3747-A25A-F953023E8201}
	EndProjectSection
EndProject
Project("{8BC9CEB8-8B4A-11D0-8D11-00A0C91BC942}") = "Common", "..\Common\Common.vcxproj", "{8CE1D043-55CA-3543-A156-1D090CDA36B8}"
	ProjectSection(ProjectDependencies) = postProject
		{1B6DC809-35A3-3D40-93A5-B54B760127C7} = {1B6DC809-35A3-3D40-93A5-B54B760127C7}
		{1A98A245-7495-3747-A25A-F953023E8201} = {1A98A245-7495-3747-A25A-F953023E8201}
	EndProjectSection
EndProject
Project("{8BC9CEB8-8B4A-11D0-8D11-00A0C91BC942}") = "Logger", "..\Logger\Logger.vcxproj", "{1B6DC809-35A3-3D40-93A5-B54B760127C7}"
	ProjectSection(ProjectDependencies) = postProject
		{1A98A245-7495-3747-A25A-F953023E8201} = {1A98A245-7495-3747-A25A-F953023E8201}
	EndProjectSection
EndProject
Project("{8BC9CEB8-8B4A-11D0-8D11-00A0C91BC942}") = "Server", "Server.vcxproj", "{C718A74E-4310-33A5-898C-7853633EADDE}"
	ProjectSection(ProjectDependencies) = postProject
		{8CE1D043-55CA-3543-A156-1D090CDA36B8} = {8CE1D043-55CA-3543-A156-1D090CDA36B8}
		{1B6DC809-35A3-3D40-93A5-B54B760127C7} = {1B6DC809-35A3-3D40-93A5-B54B760127C7}
		{1A98A245-7495-3747-A25A-F953023E8201} = {1A98A245-7495-3747-A25A-F953023E8201}
	EndProjectSection
EndProject
Project("{8BC9CEB8-8B4A-11D0-8D11-00A0C91BC942}") = "ZERO_CHECK", "..\\ZERO_CHECK.vcxproj", "{1A98A245-7495-3747-A25A-F953023E8201}"
	ProjectSection(ProjectDependencies) = postProject
	EndProjectSection
EndProject
Global
	GlobalSection(SolutionConfigurationPlatforms) = preSolution
		Debug|x64 = Debug|x64
		Release|x64 = Release|x64
		MinSizeRel|x64 = MinSizeRel|x64
		RelWithDebInfo|x64 = RelWithDebInfo|x64
	EndGlobalSection
	GlobalSection(ProjectConfigurationPlatforms) = postSolution
		{B4C50F20-82B5-3C95-8EFE-84D99F23C667}.Debug|x64.ActiveCfg = Debug|x64
		{B4C50F20-82B5-3C95-8EFE-84D99F23C667}.Release|x64.ActiveCfg = Release|x64
		{B4C50F20-82B5-3C95-8EFE-84D99F23C667}.MinSizeRel|x64.ActiveCfg = MinSizeRel|x64
		{B4C50F20-82B5-3C95-8EFE-84D99F23C667}.RelWithDebInfo|x64.ActiveCfg = RelWithDebInfo|x64
		{8CE1D043-55CA-3543-A156-1D090CDA36B8}.Debug|x64.ActiveCfg = Debug|x64
		{8CE1D043-55CA-3543-A156-1D090CDA36B8}.Debug|x64.Build.0 = Debug|x64
		{8CE1D043-55CA-3543-A156-1D090CDA36B8}.Release|x64.ActiveCfg = Release|x64
		{8CE1D043-55CA-3543-A156-1D090CDA36B8}.Release|x64.Build.0 = Release|x64
		{8CE1D043-55CA-3543-A156-1D090CDA36B8}.MinSizeRel|x64.ActiveCfg = MinSizeRel|x64
		{8CE1D043-55CA-3543-A156-1D090CDA36B8}.MinSizeRel|x64.Build.0 = MinSizeRel|x64
		{8CE1D043-55CA-3543-A156-1D090CDA36B8}.RelWithDebInfo|x64.ActiveCfg = RelWithDebInfo|x64
		{8CE1D043-55CA-3543-A156-1D090CDA36B8}.RelWithDebInfo|x64.Build.0 = RelWithDebInfo|x64
		{1B6DC809-35A3-3D40-93A5-B54B760127C7}.Debug|x64.ActiveCfg = Debug|x64
		{1B6DC809-35A3-3D40-93A5-B54B760127C7}.Debug|x64.Build.0 = Debug|x64
		{1B6DC809-35A3-3D40-93A5-B54B760127C7}.Release|x64.ActiveCfg = Release|x64
		{1B6DC809-35A3-3D40-93A5-B54B760127C7}.Release|x64.Build.0 = Release|x64
		{1B6DC809-35A3-3D40-93A5-B54B760127C7}.MinSizeRel|x64.ActiveCfg = MinSizeRel|x64
		{1B6DC809-35A3-3D40-93A5-B54B760127C7}.MinSizeRel|x64.Build.0 = MinSizeRel|x64
		{1B6DC809-35A3-3D40-93A5-B54B760127C7}.RelWithDebInfo|x64.ActiveCfg = RelWithDebInfo|x64
		{1B6DC809-35A3-3D40-93A5-B54B760127C7}.RelWithDebInfo|x64.Build.0 = RelWithDebInfo|x64
		{C718A74E-4310-33A5-898C-7853633EADDE}.Debug|x64.ActiveCfg = Debug|x64
		{C718A74E-4310-33A5-898C-7853633EADDE}.Debug|x64.Build.0 = Debug|x64
		{C718A74E-4310-33A5-898C-7853633EADDE}.Release|x64.ActiveCfg = Release|x64
		{C718A74E-4310-33A5-898C-7853633EADDE}.Release|x64.Build.0 = Release|x64
		{C718A74E-4310-33A5-898C-7853633EADDE}.MinSizeRel|x64.ActiveCfg = MinSizeRel|x64
		{C718A74E-4310-33A5-898C-7853633EADDE}.MinSizeRel|x64.Build.0 = MinSizeRel|x64
		{C718A74E-4310-33A5-898C-7853633EADDE}.RelWithDebInfo|x64.ActiveCfg = RelWithDebInfo|x64
		{C718A74E-4310-33A5-898C-7853633EADDE}.RelWithDebInfo|x64.Build.0 = RelWithDebInfo|x64
		{1A98A245-7495-3747-A25A-F953023E8201}.Debug|x64.ActiveCfg = Debug|x64
		{1A98A245-7495-3747-A25A-F953023E8201}.Debug|x64.Build.0 = Debug|x64
		{1A98A245-7495-3747-A25A-F953023E8201}.Release|x64.ActiveCfg = Release|x64
		{1A98A245-7495-3747-A25A-F953023E8201}.Release|x64.Build.0 = Release|x64
		{1A98A245-7495-3747-A25A-F953023E8201}.MinSizeRel|x64.ActiveCfg = MinSizeRel|x64
		{1A98A245-7495-3747-A25A-F953023E8201}.MinSizeRel|x64.Build.0 = MinSizeRel|x64
		{1A98A245-7495-3747-A25A-F953023E8201}.RelWithDebInfo|x64.ActiveCfg = RelWithDebInfo|x64
		{1A98A245-7495-3747-A25A-F953023E8201}.RelWithDebInfo|x64.Build.0 = RelWithDebInfo|x64
	EndGlobalSection
	GlobalSection(ExtensibilityGlobals) = postSolution
		SolutionGuid = {610F908B-ECAD-3C3F-9F1C-5018B0DD17DF}
	EndGlobalSection
	GlobalSection(ExtensibilityAddIns) = postSolution
	EndGlobalSection
EndGlobal
